
Microsoft Visual Studio Solution File, Format Version 12.00
# Visual Studio Version 17
VisualStudioVersion = 17.2.32526.322
MinimumVisualStudioVersion = 10.0.40219.1
Project("{FAE04EC0-301F-11D3-BF4B-00C04F79EFBC}") = "IES9012.ui", "IES9012.ui\IES9012.ui.csproj", "{73D64724-2DC3-453C-AC6A-8807E2EDE366}"
EndProject
Project("{FAE04EC0-301F-11D3-BF4B-00C04F79EFBC}") = "IES9012.core", "IES9012.core\IES9012.core.csproj", "{2D95C1A0-55FA-415E-BA18-6BCB8BD326E2}"
EndProject
Global
	GlobalSection(SolutionConfigurationPlatforms) = preSolution
		Debug|Any CPU = Debug|Any CPU
		Release|Any CPU = Release|Any CPU
	EndGlobalSection
	GlobalSection(ProjectConfigurationPlatforms) = postSolution
		{73D64724-2DC3-453C-AC6A-8807E2EDE366}.Debug|Any CPU.ActiveCfg = Debug|Any CPU
		{73D64724-2DC3-453C-AC6A-8807E2EDE366}.Debug|Any CPU.Build.0 = Debug|Any CPU
		{73D64724-2DC3-453C-AC6A-8807E2EDE366}.Release|Any CPU.ActiveCfg = Release|Any CPU
		{73D64724-2DC3-453C-AC6A-8807E2EDE366}.Release|Any CPU.Build.0 = Release|Any CPU
		{2D95C1A0-55FA-415E-BA18-6BCB8BD326E2}.Debug|Any CPU.ActiveCfg = Debug|Any CPU
		{2D95C1A0-55FA-415E-BA18-6BCB8BD326E2}.Debug|Any CPU.Build.0 = Debug|Any CPU
		{2D95C1A0-55FA-415E-BA18-6BCB8BD326E2}.Release|Any CPU.ActiveCfg = Release|Any CPU
		{2D95C1A0-55FA-415E-BA18-6BCB8BD326E2}.Release|Any CPU.Build.0 = Release|Any CPU
	EndGlobalSection
	GlobalSection(SolutionProperties) = preSolution
		HideSolutionNode = FALSE
	EndGlobalSection
	GlobalSection(ExtensibilityGlobals) = postSolution
		SolutionGuid = {77CFC681-52EC-4847-8F0F-27F772B08EB2}
	EndGlobalSection
EndGlobal
